
Microsoft Visual Studio Solution File, Format Version 12.00
# Visual Studio 15
VisualStudioVersion = 15.0.28307.645
MinimumVisualStudioVersion = 10.0.40219.1
Project("{888888A0-9F3D-457C-B088-3A5042F75D52}") = "Lab 1A", "Lab 1A\Lab 1A.pyproj", "{607D4603-5650-4ECD-8345-C150D1876229}"
EndProject
Global
	GlobalSection(SolutionConfigurationPlatforms) = preSolution
		Debug|Any CPU = Debug|Any CPU
		Release|Any CPU = Release|Any CPU
	EndGlobalSection
	GlobalSection(ProjectConfigurationPlatforms) = postSolution
		{607D4603-5650-4ECD-8345-C150D1876229}.Debug|Any CPU.ActiveCfg = Debug|Any CPU
		{607D4603-5650-4ECD-8345-C150D1876229}.Release|Any CPU.ActiveCfg = Release|Any CPU
	EndGlobalSection
	GlobalSection(SolutionProperties) = preSolution
		HideSolutionNode = FALSE
	EndGlobalSection
	GlobalSection(ExtensibilityGlobals) = postSolution
		SolutionGuid = {58357F61-FFA7-4DEA-BC2A-A3C68D37D2D9}
	EndGlobalSection
EndGlobal
